// !$*UTF8*$!
{
	archiveVersion = 1;
	classes = {
	};
	objectVersion = 56;
	objects = {

/* Begin PBXBuildFile section */
		AFF1282D2B043F13003FE2FA /* sdApp.swift in Sources */ = {isa = PBXBuildFile; fileRef = AFF1282C2B043F13003FE2FA /* sdApp.swift */; };
		AFF1282F2B043F13003FE2FA /* ContentView.swift in Sources */ = {isa = PBXBuildFile; fileRef = AFF1282E2B043F13003FE2FA /* ContentView.swift */; };
		AFF128312B043F14003FE2FA /* Assets.xcassets in Resources */ = {isa = PBXBuildFile; fileRef = AFF128302B043F14003FE2FA /* Assets.xcassets */; };
		AFF128352B043F14003FE2FA /* Preview Assets.xcassets in Resources */ = {isa = PBXBuildFile; fileRef = AFF128342B043F14003FE2FA /* Preview Assets.xcassets */; };
		AFF1283F2B043F15003FE2FA /* sdTests.swift in Sources */ = {isa = PBXBuildFile; fileRef = AFF1283E2B043F15003FE2FA /* sdTests.swift */; };
		AFF128492B043F15003FE2FA /* sdUITests.swift in Sources */ = {isa = PBXBuildFile; fileRef = AFF128482B043F15003FE2FA /* sdUITests.swift */; };
		AFF1284B2B043F15003FE2FA /* sdUITestsLaunchTests.swift in Sources */ = {isa = PBXBuildFile; fileRef = AFF1284A2B043F15003FE2FA /* sdUITestsLaunchTests.swift */; };
/* End PBXBuildFile section */

/* Begin PBXContainerItemProxy section */
		AFF1283B2B043F15003FE2FA /* PBXContainerItemProxy */ = {
			isa = PBXContainerItemProxy;
			containerPortal = AFF128212B043F13003FE2FA /* Project object */;
			proxyType = 1;
			remoteGlobalIDString = AFF128282B043F13003FE2FA;
			remoteInfo = sd;
		};
		AFF128452B043F15003FE2FA /* PBXContainerItemProxy */ = {
			isa = PBXContainerItemProxy;
			containerPortal = AFF128212B043F13003FE2FA /* Project object */;
			proxyType = 1;
			remoteGlobalIDString = AFF128282B043F13003FE2FA;
			remoteInfo = sd;
		};
/* End PBXContainerItemProxy section */

/* Begin PBXFileReference section */
		AFF128292B043F13003FE2FA /* sd.app */ = {isa = PBXFileReference; explicitFileType = wrapper.application; includeInIndex = 0; path = sd.app; sourceTree = BUILT_PRODUCTS_DIR; };
		AFF1282C2B043F13003FE2FA /* sdApp.swift */ = {isa = PBXFileReference; lastKnownFileType = sourcecode.swift; path = sdApp.swift; sourceTree = "<group>"; };
		AFF1282E2B043F13003FE2FA /* ContentView.swift */ = {isa = PBXFileReference; lastKnownFileType = sourcecode.swift; path = ContentView.swift; sourceTree = "<group>"; };
		AFF128302B043F14003FE2FA /* Assets.xcassets */ = {isa = PBXFileReference; lastKnownFileType = folder.assetcatalog; path = Assets.xcassets; sourceTree = "<group>"; };
		AFF128322B043F14003FE2FA /* sd.entitlements */ = {isa = PBXFileReference; lastKnownFileType = text.plist.entitlements; path = sd.entitlements; sourceTree = "<group>"; };
		AFF128342B043F14003FE2FA /* Preview Assets.xcassets */ = {isa = PBXFileReference; lastKnownFileType = folder.assetcatalog; path = "Preview Assets.xcassets"; sourceTree = "<group>"; };
		AFF1283A2B043F15003FE2FA /* sdTests.xctest */ = {isa = PBXFileReference; explicitFileType = wrapper.cfbundle; includeInIndex = 0; path = sdTests.xctest; sourceTree = BUILT_PRODUCTS_DIR; };
		AFF1283E2B043F15003FE2FA /* sdTests.swift */ = {isa = PBXFileReference; lastKnownFileType = sourcecode.swift; path = sdTests.swift; sourceTree = "<group>"; };
		AFF128442B043F15003FE2FA /* sdUITests.xctest */ = {isa = PBXFileReference; explicitFileType = wrapper.cfbundle; includeInIndex = 0; path = sdUITests.xctest; sourceTree = BUILT_PRODUCTS_DIR; };
		AFF128482B043F15003FE2FA /* sdUITests.swift */ = {isa = PBXFileReference; lastKnownFileType = sourcecode.swift; path = sdUITests.swift; sourceTree = "<group>"; };
		AFF1284A2B043F15003FE2FA /* sdUITestsLaunchTests.swift */ = {isa = PBXFileReference; lastKnownFileType = sourcecode.swift; path = sdUITestsLaunchTests.swift; sourceTree = "<group>"; };
/* End PBXFileReference section */

/* Begin PBXFrameworksBuildPhase section */
		AFF128262B043F13003FE2FA /* Frameworks */ = {
			isa = PBXFrameworksBuildPhase;
			buildActionMask = 2147483647;
			files = (
			);
			runOnlyForDeploymentPostprocessing = 0;
		};
		AFF128372B043F15003FE2FA /* Frameworks */ = {
			isa = PBXFrameworksBuildPhase;
			buildActionMask = 2147483647;
			files = (
			);
			runOnlyForDeploymentPostprocessing = 0;
		};
		AFF128412B043F15003FE2FA /* Frameworks */ = {
			isa = PBXFrameworksBuildPhase;
			buildActionMask = 2147483647;
			files = (
			);
			runOnlyForDeploymentPostprocessing = 0;
		};
/* End PBXFrameworksBuildPhase section */

/* Begin PBXGroup section */
		AFF128202B043F13003FE2FA = {
			isa = PBXGroup;
			children = (
				AFF1282B2B043F13003FE2FA /* sd */,
				AFF1283D2B043F15003FE2FA /* sdTests */,
				AFF128472B043F15003FE2FA /* sdUITests */,
				AFF1282A2B043F13003FE2FA /* Products */,
			);
			sourceTree = "<group>";
		};
		AFF1282A2B043F13003FE2FA /* Products */ = {
			isa = PBXGroup;
			children = (
				AFF128292B043F13003FE2FA /* sd.app */,
				AFF1283A2B043F15003FE2FA /* sdTests.xctest */,
				AFF128442B043F15003FE2FA /* sdUITests.xctest */,
			);
			name = Products;
			sourceTree = "<group>";
		};
		AFF1282B2B043F13003FE2FA /* sd */ = {
			isa = PBXGroup;
			children = (
				AFF1282C2B043F13003FE2FA /* sdApp.swift */,
				AFF1282E2B043F13003FE2FA /* ContentView.swift */,
				AFF128302B043F14003FE2FA /* Assets.xcassets */,
				AFF128322B043F14003FE2FA /* sd.entitlements */,
				AFF128332B043F14003FE2FA /* Preview Content */,
			);
			path = sd;
			sourceTree = "<group>";
		};
		AFF128332B043F14003FE2FA /* Preview Content */ = {
			isa = PBXGroup;
			children = (
				AFF128342B043F14003FE2FA /* Preview Assets.xcassets */,
			);
			path = "Preview Content";
			sourceTree = "<group>";
		};
		AFF1283D2B043F15003FE2FA /* sdTests */ = {
			isa = PBXGroup;
			children = (
				AFF1283E2B043F15003FE2FA /* sdTests.swift */,
			);
			path = sdTests;
			sourceTree = "<group>";
		};
		AFF128472B043F15003FE2FA /* sdUITests */ = {
			isa = PBXGroup;
			children = (
				AFF128482B043F15003FE2FA /* sdUITests.swift */,
				AFF1284A2B043F15003FE2FA /* sdUITestsLaunchTests.swift */,
			);
			path = sdUITests;
			sourceTree = "<group>";
		};
/* End PBXGroup section */

/* Begin PBXNativeTarget section */
		AFF128282B043F13003FE2FA /* sd */ = {
			isa = PBXNativeTarget;
			buildConfigurationList = AFF1284E2B043F15003FE2FA /* Build configuration list for PBXNativeTarget "sd" */;
			buildPhases = (
				AFF128252B043F13003FE2FA /* Sources */,
				AFF128262B043F13003FE2FA /* Frameworks */,
				AFF128272B043F13003FE2FA /* Resources */,
			);
			buildRules = (
			);
			dependencies = (
			);
			name = sd;
			productName = sd;
			productReference = AFF128292B043F13003FE2FA /* sd.app */;
			productType = "com.apple.product-type.application";
		};
		AFF128392B043F15003FE2FA /* sdTests */ = {
			isa = PBXNativeTarget;
			buildConfigurationList = AFF128512B043F15003FE2FA /* Build configuration list for PBXNativeTarget "sdTests" */;
			buildPhases = (
				AFF128362B043F15003FE2FA /* Sources */,
				AFF128372B043F15003FE2FA /* Frameworks */,
				AFF128382B043F15003FE2FA /* Resources */,
			);
			buildRules = (
			);
			dependencies = (
				AFF1283C2B043F15003FE2FA /* PBXTargetDependency */,
			);
			name = sdTests;
			productName = sdTests;
			productReference = AFF1283A2B043F15003FE2FA /* sdTests.xctest */;
			productType = "com.apple.product-type.bundle.unit-test";
		};
		AFF128432B043F15003FE2FA /* sdUITests */ = {
			isa = PBXNativeTarget;
			buildConfigurationList = AFF128542B043F15003FE2FA /* Build configuration list for PBXNativeTarget "sdUITests" */;
			buildPhases = (
				AFF128402B043F15003FE2FA /* Sources */,
				AFF128412B043F15003FE2FA /* Frameworks */,
				AFF128422B043F15003FE2FA /* Resources */,
			);
			buildRules = (
			);
			dependencies = (
				AFF128462B043F15003FE2FA /* PBXTargetDependency */,
			);
			name = sdUITests;
			productName = sdUITests;
			productReference = AFF128442B043F15003FE2FA /* sdUITests.xctest */;
			productType = "com.apple.product-type.bundle.ui-testing";
		};
/* End PBXNativeTarget section */

/* Begin PBXProject section */
		AFF128212B043F13003FE2FA /* Project object */ = {
			isa = PBXProject;
			attributes = {
				BuildIndependentTargetsInParallel = 1;
				LastSwiftUpdateCheck = 1500;
				LastUpgradeCheck = 1500;
				TargetAttributes = {
					AFF128282B043F13003FE2FA = {
						CreatedOnToolsVersion = 15.0;
					};
					AFF128392B043F15003FE2FA = {
						CreatedOnToolsVersion = 15.0;
						TestTargetID = AFF128282B043F13003FE2FA;
					};
					AFF128432B043F15003FE2FA = {
						CreatedOnToolsVersion = 15.0;
						TestTargetID = AFF128282B043F13003FE2FA;
					};
				};
			};
			buildConfigurationList = AFF128242B043F13003FE2FA /* Build configuration list for PBXProject "sd" */;
			compatibilityVersion = "Xcode 14.0";
			developmentRegion = en;
			hasScannedForEncodings = 0;
			knownRegions = (
				en,
				Base,
			);
			mainGroup = AFF128202B043F13003FE2FA;
			productRefGroup = AFF1282A2B043F13003FE2FA /* Products */;
			projectDirPath = "";
			projectRoot = "";
			targets = (
				AFF128282B043F13003FE2FA /* sd */,
				AFF128392B043F15003FE2FA /* sdTests */,
				AFF128432B043F15003FE2FA /* sdUITests */,
			);
		};
/* End PBXProject section */

/* Begin PBXResourcesBuildPhase section */
		AFF128272B043F13003FE2FA /* Resources */ = {
			isa = PBXResourcesBuildPhase;
			buildActionMask = 2147483647;
			files = (
				AFF128352B043F14003FE2FA /* Preview Assets.xcassets in Resources */,
				AFF128312B043F14003FE2FA /* Assets.xcassets in Resources */,
			);
			runOnlyForDeploymentPostprocessing = 0;
		};
		AFF128382B043F15003FE2FA /* Resources */ = {
			isa = PBXResourcesBuildPhase;
			buildActionMask = 2147483647;
			files = (
			);
			runOnlyForDeploymentPostprocessing = 0;
		};
		AFF128422B043F15003FE2FA /* Resources */ = {
			isa = PBXResourcesBuildPhase;
			buildActionMask = 2147483647;
			files = (
			);
			runOnlyForDeploymentPostprocessing = 0;
		};
/* End PBXResourcesBuildPhase section */

/* Begin PBXSourcesBuildPhase section */
		AFF128252B043F13003FE2FA /* Sources */ = {
			isa = PBXSourcesBuildPhase;
			buildActionMask = 2147483647;
			files = (
				AFF1282F2B043F13003FE2FA /* ContentView.swift in Sources */,
				AFF1282D2B043F13003FE2FA /* sdApp.swift in Sources */,
			);
			runOnlyForDeploymentPostprocessing = 0;
		};
		AFF128362B043F15003FE2FA /* Sources */ = {
			isa = PBXSourcesBuildPhase;
			buildActionMask = 2147483647;
			files = (
				AFF1283F2B043F15003FE2FA /* sdTests.swift in Sources */,
			);
			runOnlyForDeploymentPostprocessing = 0;
		};
		AFF128402B043F15003FE2FA /* Sources */ = {
			isa = PBXSourcesBuildPhase;
			buildActionMask = 2147483647;
			files = (
				AFF128492B043F15003FE2FA /* sdUITests.swift in Sources */,
				AFF1284B2B043F15003FE2FA /* sdUITestsLaunchTests.swift in Sources */,
			);
			runOnlyForDeploymentPostprocessing = 0;
		};
/* End PBXSourcesBuildPhase section */

/* Begin PBXTargetDependency section */
		AFF1283C2B043F15003FE2FA /* PBXTargetDependency */ = {
			isa = PBXTargetDependency;
			target = AFF128282B043F13003FE2FA /* sd */;
			targetProxy = AFF1283B2B043F15003FE2FA /* PBXContainerItemProxy */;
		};
		AFF128462B043F15003FE2FA /* PBXTargetDependency */ = {
			isa = PBXTargetDependency;
			target = AFF128282B043F13003FE2FA /* sd */;
			targetProxy = AFF128452B043F15003FE2FA /* PBXContainerItemProxy */;
		};
/* End PBXTargetDependency section */

/* Begin XCBuildConfiguration section */
		AFF1284C2B043F15003FE2FA /* Debug */ = {
			isa = XCBuildConfiguration;
			buildSettings = {
				ALWAYS_SEARCH_USER_PATHS = NO;
				ASSETCATALOG_COMPILER_GENERATE_SWIFT_ASSET_SYMBOL_EXTENSIONS = YES;
				CLANG_ANALYZER_NONNULL = YES;
				CLANG_ANALYZER_NUMBER_OBJECT_CONVERSION = YES_AGGRESSIVE;
				CLANG_CXX_LANGUAGE_STANDARD = "gnu++20";
				CLANG_ENABLE_MODULES = YES;
				CLANG_ENABLE_OBJC_ARC = YES;
				CLANG_ENABLE_OBJC_WEAK = YES;
				CLANG_WARN_BLOCK_CAPTURE_AUTORELEASING = YES;
				CLANG_WARN_BOOL_CONVERSION = YES;
				CLANG_WARN_COMMA = YES;
				CLANG_WARN_CONSTANT_CONVERSION = YES;
				CLANG_WARN_DEPRECATED_OBJC_IMPLEMENTATIONS = YES;
				CLANG_WARN_DIRECT_OBJC_ISA_USAGE = YES_ERROR;
				CLANG_WARN_DOCUMENTATION_COMMENTS = YES;
				CLANG_WARN_EMPTY_BODY = YES;
				CLANG_WARN_ENUM_CONVERSION = YES;
				CLANG_WARN_INFINITE_RECURSION = YES;
				CLANG_WARN_INT_CONVERSION = YES;
				CLANG_WARN_NON_LITERAL_NULL_CONVERSION = YES;
				CLANG_WARN_OBJC_IMPLICIT_RETAIN_SELF = YES;
				CLANG_WARN_OBJC_LITERAL_CONVERSION = YES;
				CLANG_WARN_OBJC_ROOT_CLASS = YES_ERROR;
				CLANG_WARN_QUOTED_INCLUDE_IN_FRAMEWORK_HEADER = YES;
				CLANG_WARN_RANGE_LOOP_ANALYSIS = YES;
				CLANG_WARN_STRICT_PROTOTYPES = YES;
				CLANG_WARN_SUSPICIOUS_MOVE = YES;
				CLANG_WARN_UNGUARDED_AVAILABILITY = YES_AGGRESSIVE;
				CLANG_WARN_UNREACHABLE_CODE = YES;
				CLANG_WARN__DUPLICATE_METHOD_MATCH = YES;
				COPY_PHASE_STRIP = NO;
				DEBUG_INFORMATION_FORMAT = dwarf;
				ENABLE_STRICT_OBJC_MSGSEND = YES;
				ENABLE_TESTABILITY = YES;
				ENABLE_USER_SCRIPT_SANDBOXING = YES;
				GCC_C_LANGUAGE_STANDARD = gnu17;
				GCC_DYNAMIC_NO_PIC = NO;
				GCC_NO_COMMON_BLOCKS = YES;
				GCC_OPTIMIZATION_LEVEL = 0;
				GCC_PREPROCESSOR_DEFINITIONS = (
					"DEBUG=1",
					"$(inherited)",
				);
				GCC_WARN_64_TO_32_BIT_CONVERSION = YES;
				GCC_WARN_ABOUT_RETURN_TYPE = YES_ERROR;
				GCC_WARN_UNDECLARED_SELECTOR = YES;
				GCC_WARN_UNINITIALIZED_AUTOS = YES_AGGRESSIVE;
				GCC_WARN_UNUSED_FUNCTION = YES;
				GCC_WARN_UNUSED_VARIABLE = YES;
				LOCALIZATION_PREFERS_STRING_CATALOGS = YES;
				MTL_ENABLE_DEBUG_INFO = INCLUDE_SOURCE;
				MTL_FAST_MATH = YES;
				ONLY_ACTIVE_ARCH = YES;
				SWIFT_ACTIVE_COMPILATION_CONDITIONS = "DEBUG $(inherited)";
				SWIFT_OPTIMIZATION_LEVEL = "-Onone";
			};
			name = Debug;
		};
		AFF1284D2B043F15003FE2FA /* Release */ = {
			isa = XCBuildConfiguration;
			buildSettings = {
				ALWAYS_SEARCH_USER_PATHS = NO;
				ASSETCATALOG_COMPILER_GENERATE_SWIFT_ASSET_SYMBOL_EXTENSIONS = YES;
				CLANG_ANALYZER_NONNULL = YES;
				CLANG_ANALYZER_NUMBER_OBJECT_CONVERSION = YES_AGGRESSIVE;
				CLANG_CXX_LANGUAGE_STANDARD = "gnu++20";
				CLANG_ENABLE_MODULES = YES;
				CLANG_ENABLE_OBJC_ARC = YES;
				CLANG_ENABLE_OBJC_WEAK = YES;
				CLANG_WARN_BLOCK_CAPTURE_AUTORELEASING = YES;
				CLANG_WARN_BOOL_CONVERSION = YES;
				CLANG_WARN_COMMA = YES;
				CLANG_WARN_CONSTANT_CONVERSION = YES;
				CLANG_WARN_DEPRECATED_OBJC_IMPLEMENTATIONS = YES;
				CLANG_WARN_DIRECT_OBJC_ISA_USAGE = YES_ERROR;
				CLANG_WARN_DOCUMENTATION_COMMENTS = YES;
				CLANG_WARN_EMPTY_BODY = YES;
				CLANG_WARN_ENUM_CONVERSION = YES;
				CLANG_WARN_INFINITE_RECURSION = YES;
				CLANG_WARN_INT_CONVERSION = YES;
				CLANG_WARN_NON_LITERAL_NULL_CONVERSION = YES;
				CLANG_WARN_OBJC_IMPLICIT_RETAIN_SELF = YES;
				CLANG_WARN_OBJC_LITERAL_CONVERSION = YES;
				CLANG_WARN_OBJC_ROOT_CLASS = YES_ERROR;
				CLANG_WARN_QUOTED_INCLUDE_IN_FRAMEWORK_HEADER = YES;
				CLANG_WARN_RANGE_LOOP_ANALYSIS = YES;
				CLANG_WARN_STRICT_PROTOTYPES = YES;
				CLANG_WARN_SUSPICIOUS_MOVE = YES;
				CLANG_WARN_UNGUARDED_AVAILABILITY = YES_AGGRESSIVE;
				CLANG_WARN_UNREACHABLE_CODE = YES;
				CLANG_WARN__DUPLICATE_METHOD_MATCH = YES;
				COPY_PHASE_STRIP = NO;
				DEBUG_INFORMATION_FORMAT = "dwarf-with-dsym";
				ENABLE_NS_ASSERTIONS = NO;
				ENABLE_STRICT_OBJC_MSGSEND = YES;
				ENABLE_USER_SCRIPT_SANDBOXING = YES;
				GCC_C_LANGUAGE_STANDARD = gnu17;
				GCC_NO_COMMON_BLOCKS = YES;
				GCC_WARN_64_TO_32_BIT_CONVERSION = YES;
				GCC_WARN_ABOUT_RETURN_TYPE = YES_ERROR;
				GCC_WARN_UNDECLARED_SELECTOR = YES;
				GCC_WARN_UNINITIALIZED_AUTOS = YES_AGGRESSIVE;
				GCC_WARN_UNUSED_FUNCTION = YES;
				GCC_WARN_UNUSED_VARIABLE = YES;
				LOCALIZATION_PREFERS_STRING_CATALOGS = YES;
				MTL_ENABLE_DEBUG_INFO = NO;
				MTL_FAST_MATH = YES;
				SWIFT_COMPILATION_MODE = wholemodule;
			};
			name = Release;
		};
		AFF1284F2B043F15003FE2FA /* Debug */ = {
			isa = XCBuildConfiguration;
			buildSettings = {
				ASSETCATALOG_COMPILER_APPICON_NAME = AppIcon;
				ASSETCATALOG_COMPILER_GLOBAL_ACCENT_COLOR_NAME = AccentColor;
				CODE_SIGN_ENTITLEMENTS = sd/sd.entitlements;
				CODE_SIGN_STYLE = Automatic;
				CURRENT_PROJECT_VERSION = 1;
				DEVELOPMENT_ASSET_PATHS = "\"sd/Preview Content\"";
				ENABLE_PREVIEWS = YES;
				GENERATE_INFOPLIST_FILE = YES;
				"INFOPLIST_KEY_UIApplicationSceneManifest_Generation[sdk=iphoneos*]" = YES;
				"INFOPLIST_KEY_UIApplicationSceneManifest_Generation[sdk=iphonesimulator*]" = YES;
				"INFOPLIST_KEY_UIApplicationSupportsIndirectInputEvents[sdk=iphoneos*]" = YES;
				"INFOPLIST_KEY_UIApplicationSupportsIndirectInputEvents[sdk=iphonesimulator*]" = YES;
				"INFOPLIST_KEY_UILaunchScreen_Generation[sdk=iphoneos*]" = YES;
				"INFOPLIST_KEY_UILaunchScreen_Generation[sdk=iphonesimulator*]" = YES;
				"INFOPLIST_KEY_UIStatusBarStyle[sdk=iphoneos*]" = UIStatusBarStyleDefault;
				"INFOPLIST_KEY_UIStatusBarStyle[sdk=iphonesimulator*]" = UIStatusBarStyleDefault;
				INFOPLIST_KEY_UISupportedInterfaceOrientations_iPad = "UIInterfaceOrientationPortrait UIInterfaceOrientationPortraitUpsideDown UIInterfaceOrientationLandscapeLeft UIInterfaceOrientationLandscapeRight";
				INFOPLIST_KEY_UISupportedInterfaceOrientations_iPhone = "UIInterfaceOrientationPortrait UIInterfaceOrientationLandscapeLeft UIInterfaceOrientationLandscapeRight";
				IPHONEOS_DEPLOYMENT_TARGET = 17.0;
				LD_RUNPATH_SEARCH_PATHS = "@executable_path/Frameworks";
				"LD_RUNPATH_SEARCH_PATHS[sdk=macosx*]" = "@executable_path/../Frameworks";
				MACOSX_DEPLOYMENT_TARGET = 14.0;
				MARKETING_VERSION = 1.0;
				PRODUCT_BUNDLE_IDENTIFIER = syndicate.sd;
				PRODUCT_NAME = "$(TARGET_NAME)";
				SDKROOT = auto;
				SUPPORTED_PLATFORMS = "iphoneos iphonesimulator macosx";
				SWIFT_EMIT_LOC_STRINGS = YES;
				SWIFT_VERSION = 5.0;
				TARGETED_DEVICE_FAMILY = "1,2";
			};
			name = Debug;
		};
		AFF128502B043F15003FE2FA /* Release */ = {
			isa = XCBuildConfiguration;
			buildSettings = {
				ASSETCATALOG_COMPILER_APPICON_NAME = AppIcon;
				ASSETCATALOG_COMPILER_GLOBAL_ACCENT_COLOR_NAME = AccentColor;
				CODE_SIGN_ENTITLEMENTS = sd/sd.entitlements;
				CODE_SIGN_STYLE = Automatic;
				CURRENT_PROJECT_VERSION = 1;
				DEVELOPMENT_ASSET_PATHS = "\"sd/Preview Content\"";
				ENABLE_PREVIEWS = YES;
				GENERATE_INFOPLIST_FILE = YES;
				"INFOPLIST_KEY_UIApplicationSceneManifest_Generation[sdk=iphoneos*]" = YES;
				"INFOPLIST_KEY_UIApplicationSceneManifest_Generation[sdk=iphonesimulator*]" = YES;
				"INFOPLIST_KEY_UIApplicationSupportsIndirectInputEvents[sdk=iphoneos*]" = YES;
				"INFOPLIST_KEY_UIApplicationSupportsIndirectInputEvents[sdk=iphonesimulator*]" = YES;
				"INFOPLIST_KEY_UILaunchScreen_Generation[sdk=iphoneos*]" = YES;
				"INFOPLIST_KEY_UILaunchScreen_Generation[sdk=iphonesimulator*]" = YES;
				"INFOPLIST_KEY_UIStatusBarStyle[sdk=iphoneos*]" = UIStatusBarStyleDefault;
				"INFOPLIST_KEY_UIStatusBarStyle[sdk=iphonesimulator*]" = UIStatusBarStyleDefault;
				INFOPLIST_KEY_UISupportedInterfaceOrientations_iPad = "UIInterfaceOrientationPortrait UIInterfaceOrientationPortraitUpsideDown UIInterfaceOrientationLandscapeLeft UIInterfaceOrientationLandscapeRight";
				INFOPLIST_KEY_UISupportedInterfaceOrientations_iPhone = "UIInterfaceOrientationPortrait UIInterfaceOrientationLandscapeLeft UIInterfaceOrientationLandscapeRight";
				IPHONEOS_DEPLOYMENT_TARGET = 17.0;
				LD_RUNPATH_SEARCH_PATHS = "@executable_path/Frameworks";
				"LD_RUNPATH_SEARCH_PATHS[sdk=macosx*]" = "@executable_path/../Frameworks";
				MACOSX_DEPLOYMENT_TARGET = 14.0;
				MARKETING_VERSION = 1.0;
				PRODUCT_BUNDLE_IDENTIFIER = syndicate.sd;
				PRODUCT_NAME = "$(TARGET_NAME)";
				SDKROOT = auto;
				SUPPORTED_PLATFORMS = "iphoneos iphonesimulator macosx";
				SWIFT_EMIT_LOC_STRINGS = YES;
				SWIFT_VERSION = 5.0;
				TARGETED_DEVICE_FAMILY = "1,2";
			};
			name = Release;
		};
		AFF128522B043F15003FE2FA /* Debug */ = {
			isa = XCBuildConfiguration;
			buildSettings = {
				ALWAYS_EMBED_SWIFT_STANDARD_LIBRARIES = YES;
				BUNDLE_LOADER = "$(TEST_HOST)";
				CODE_SIGN_STYLE = Automatic;
				CURRENT_PROJECT_VERSION = 1;
				GENERATE_INFOPLIST_FILE = YES;
				IPHONEOS_DEPLOYMENT_TARGET = 17.0;
				MACOSX_DEPLOYMENT_TARGET = 14.0;
				MARKETING_VERSION = 1.0;
				PRODUCT_BUNDLE_IDENTIFIER = syndicate.sdTests;
				PRODUCT_NAME = "$(TARGET_NAME)";
				SDKROOT = auto;
				SUPPORTED_PLATFORMS = "iphoneos iphonesimulator macosx";
				SWIFT_EMIT_LOC_STRINGS = NO;
				SWIFT_VERSION = 5.0;
				TARGETED_DEVICE_FAMILY = "1,2";
				TEST_HOST = "$(BUILT_PRODUCTS_DIR)/sd.app/$(BUNDLE_EXECUTABLE_FOLDER_PATH)/sd";
			};
			name = Debug;
		};
		AFF128532B043F15003FE2FA /* Release */ = {
			isa = XCBuildConfiguration;
			buildSettings = {
				ALWAYS_EMBED_SWIFT_STANDARD_LIBRARIES = YES;
				BUNDLE_LOADER = "$(TEST_HOST)";
				CODE_SIGN_STYLE = Automatic;
				CURRENT_PROJECT_VERSION = 1;
				GENERATE_INFOPLIST_FILE = YES;
				IPHONEOS_DEPLOYMENT_TARGET = 17.0;
				MACOSX_DEPLOYMENT_TARGET = 14.0;
				MARKETING_VERSION = 1.0;
				PRODUCT_BUNDLE_IDENTIFIER = syndicate.sdTests;
				PRODUCT_NAME = "$(TARGET_NAME)";
				SDKROOT = auto;
				SUPPORTED_PLATFORMS = "iphoneos iphonesimulator macosx";
				SWIFT_EMIT_LOC_STRINGS = NO;
				SWIFT_VERSION = 5.0;
				TARGETED_DEVICE_FAMILY = "1,2";
				TEST_HOST = "$(BUILT_PRODUCTS_DIR)/sd.app/$(BUNDLE_EXECUTABLE_FOLDER_PATH)/sd";
			};
			name = Release;
		};
		AFF128552B043F15003FE2FA /* Debug */ = {
			isa = XCBuildConfiguration;
			buildSettings = {
				ALWAYS_EMBED_SWIFT_STANDARD_LIBRARIES = YES;
				CODE_SIGN_STYLE = Automatic;
				CURRENT_PROJECT_VERSION = 1;
				GENERATE_INFOPLIST_FILE = YES;
				IPHONEOS_DEPLOYMENT_TARGET = 17.0;
				MACOSX_DEPLOYMENT_TARGET = 14.0;
				MARKETING_VERSION = 1.0;
				PRODUCT_BUNDLE_IDENTIFIER = syndicate.sdUITests;
				PRODUCT_NAME = "$(TARGET_NAME)";
				SDKROOT = auto;
				SUPPORTED_PLATFORMS = "iphoneos iphonesimulator macosx";
				SWIFT_EMIT_LOC_STRINGS = NO;
				SWIFT_VERSION = 5.0;
				TARGETED_DEVICE_FAMILY = "1,2";
				TEST_TARGET_NAME = sd;
			};
			name = Debug;
		};
		AFF128562B043F15003FE2FA /* Release */ = {
			isa = XCBuildConfiguration;
			buildSettings = {
				ALWAYS_EMBED_SWIFT_STANDARD_LIBRARIES = YES;
				CODE_SIGN_STYLE = Automatic;
				CURRENT_PROJECT_VERSION = 1;
				GENERATE_INFOPLIST_FILE = YES;
				IPHONEOS_DEPLOYMENT_TARGET = 17.0;
				MACOSX_DEPLOYMENT_TARGET = 14.0;
				MARKETING_VERSION = 1.0;
				PRODUCT_BUNDLE_IDENTIFIER = syndicate.sdUITests;
				PRODUCT_NAME = "$(TARGET_NAME)";
				SDKROOT = auto;
				SUPPORTED_PLATFORMS = "iphoneos iphonesimulator macosx";
				SWIFT_EMIT_LOC_STRINGS = NO;
				SWIFT_VERSION = 5.0;
				TARGETED_DEVICE_FAMILY = "1,2";
				TEST_TARGET_NAME = sd;
			};
			name = Release;
		};
/* End XCBuildConfiguration section */

/* Begin XCConfigurationList section */
		AFF128242B043F13003FE2FA /* Build configuration list for PBXProject "sd" */ = {
			isa = XCConfigurationList;
			buildConfigurations = (
				AFF1284C2B043F15003FE2FA /* Debug */,
				AFF1284D2B043F15003FE2FA /* Release */,
			);
			defaultConfigurationIsVisible = 0;
			defaultConfigurationName = Release;
		};
		AFF1284E2B043F15003FE2FA /* Build configuration list for PBXNativeTarget "sd" */ = {
			isa = XCConfigurationList;
			buildConfigurations = (
				AFF1284F2B043F15003FE2FA /* Debug */,
				AFF128502B043F15003FE2FA /* Release */,
			);
			defaultConfigurationIsVisible = 0;
			defaultConfigurationName = Release;
		};
		AFF128512B043F15003FE2FA /* Build configuration list for PBXNativeTarget "sdTests" */ = {
			isa = XCConfigurationList;
			buildConfigurations = (
				AFF128522B043F15003FE2FA /* Debug */,
				AFF128532B043F15003FE2FA /* Release */,
			);
			defaultConfigurationIsVisible = 0;
			defaultConfigurationName = Release;
		};
		AFF128542B043F15003FE2FA /* Build configuration list for PBXNativeTarget "sdUITests" */ = {
			isa = XCConfigurationList;
			buildConfigurations = (
				AFF128552B043F15003FE2FA /* Debug */,
				AFF128562B043F15003FE2FA /* Release */,
			);
			defaultConfigurationIsVisible = 0;
			defaultConfigurationName = Release;
		};
/* End XCConfigurationList section */
	};
	rootObject = AFF128212B043F13003FE2FA /* Project object */;
}
